
Microsoft Visual Studio Solution File, Format Version 12.00
# Visual Studio Version 16
VisualStudioVersion = 16.0.32901.82
MinimumVisualStudioVersion = 10.0.40219.1
Project("{FAE04EC0-301F-11D3-BF4B-00C04F79EFBC}") = "YoutubeDemo", "YoutubeDemo\YoutubeDemo.csproj", "{33352EE8-B3CB-4579-87FA-BF10FFE61304}"
EndProject
Global
	GlobalSection(SolutionConfigurationPlatforms) = preSolution
		Debug|Any CPU = Debug|Any CPU
		Release|Any CPU = Release|Any CPU
	EndGlobalSection
	GlobalSection(ProjectConfigurationPlatforms) = postSolution
		{33352EE8-B3CB-4579-87FA-BF10FFE61304}.Debug|Any CPU.ActiveCfg = Debug|Any CPU
		{33352EE8-B3CB-4579-87FA-BF10FFE61304}.Debug|Any CPU.Build.0 = Debug|Any CPU
		{33352EE8-B3CB-4579-87FA-BF10FFE61304}.Release|Any CPU.ActiveCfg = Release|Any CPU
		{33352EE8-B3CB-4579-87FA-BF10FFE61304}.Release|Any CPU.Build.0 = Release|Any CPU
	EndGlobalSection
	GlobalSection(SolutionProperties) = preSolution
		HideSolutionNode = FALSE
	EndGlobalSection
	GlobalSection(ExtensibilityGlobals) = postSolution
		SolutionGuid = {624B87CE-0E73-4B89-962C-352BAAE24BC6}
	EndGlobalSection
EndGlobal
